github.com/gonebot-dev/gonebot v1.0.1 h1:LiQr4qzCixKTPaqdZJ8lOfd5IJZ6rwzgi4c8ZeJ5z/k=
github.com/gonebot-dev/gonebot v1.0.1/go.mod h1:sULrcK+OhVNJ5GWhcEDEv7ABtuApxvRpx5+CRcTFL84=
github.com/joho/godotenv v1.5.1 h1:7eLL/+HRGLY0ldzfGMeQkb7vMd0as4CfYvUVzLqw0N0=
github.com/joho/godotenv v1.5.1/go.mod h1:f4LDr5Voq0i2e/R5DDNOoa2zzDfwtkZa6DnEwAbqwq4=
